Microsoft Visual Studio Solution File, Format Version 8.00
Project("{8BC9CEB8-8B4A-11D0-8D11-00A0C91BC942}") = "OSGExp", "OSGExp.vcproj", "{907BD4EA-D9E9-48C5-B5A6-474136B2C7D6}"
	ProjectSection(ProjectDependencies) = postProject
		{9303EDF9-A849-4459-A263-37F68B5104D6} = {9303EDF9-A849-4459-A263-37F68B5104D6}
	EndProjectSection
EndProject
Project("{8BC9CEB8-8B4A-11D0-8D11-00A0C91BC942}") = "OSGHelper", "Helpers\OSGHelper.vcproj", "{7E0FA712-181D-454A-B3FF-C35DCE5B6C06}"
	ProjectSection(ProjectDependencies) = postProject
	EndProjectSection
EndProject
Project("{8BC9CEB8-8B4A-11D0-8D11-00A0C91BC942}") = "Previewer", "..\Previewer\Previewer.vcproj", "{9303EDF9-A849-4459-A263-37F68B5104D6}"
	ProjectSection(ProjectDependencies) = postProject
	EndProjectSection
EndProject
Global
	GlobalSection(SolutionConfiguration) = preSolution
		Debug = Debug
		Hybrid = Hybrid
		Release = Release
		Release7 = Release7
	EndGlobalSection
	GlobalSection(ProjectConfiguration) = postSolution
		{907BD4EA-D9E9-48C5-B5A6-474136B2C7D6}.Debug.ActiveCfg = Release|Win32
		{907BD4EA-D9E9-48C5-B5A6-474136B2C7D6}.Debug.Build.0 = Release|Win32
		{907BD4EA-D9E9-48C5-B5A6-474136B2C7D6}.Hybrid.ActiveCfg = Hybrid|Win32
		{907BD4EA-D9E9-48C5-B5A6-474136B2C7D6}.Hybrid.Build.0 = Hybrid|Win32
		{907BD4EA-D9E9-48C5-B5A6-474136B2C7D6}.Release.ActiveCfg = Release|Win32
		{907BD4EA-D9E9-48C5-B5A6-474136B2C7D6}.Release.Build.0 = Release|Win32
		{907BD4EA-D9E9-48C5-B5A6-474136B2C7D6}.Release7.ActiveCfg = Release7|Win32
		{907BD4EA-D9E9-48C5-B5A6-474136B2C7D6}.Release7.Build.0 = Release7|Win32
		{7E0FA712-181D-454A-B3FF-C35DCE5B6C06}.Debug.ActiveCfg = Release|Win32
		{7E0FA712-181D-454A-B3FF-C35DCE5B6C06}.Debug.Build.0 = Release|Win32
		{7E0FA712-181D-454A-B3FF-C35DCE5B6C06}.Hybrid.ActiveCfg = Hybrid|Win32
		{7E0FA712-181D-454A-B3FF-C35DCE5B6C06}.Hybrid.Build.0 = Hybrid|Win32
		{7E0FA712-181D-454A-B3FF-C35DCE5B6C06}.Release.ActiveCfg = Release|Win32
		{7E0FA712-181D-454A-B3FF-C35DCE5B6C06}.Release.Build.0 = Release|Win32
		{7E0FA712-181D-454A-B3FF-C35DCE5B6C06}.Release7.ActiveCfg = Release7|Win32
		{7E0FA712-181D-454A-B3FF-C35DCE5B6C06}.Release7.Build.0 = Release7|Win32
		{9303EDF9-A849-4459-A263-37F68B5104D6}.Debug.ActiveCfg = Debug|Win32
		{9303EDF9-A849-4459-A263-37F68B5104D6}.Debug.Build.0 = Debug|Win32
		{9303EDF9-A849-4459-A263-37F68B5104D6}.Hybrid.ActiveCfg = Debug|Win32
		{9303EDF9-A849-4459-A263-37F68B5104D6}.Hybrid.Build.0 = Debug|Win32
		{9303EDF9-A849-4459-A263-37F68B5104D6}.Release.ActiveCfg = Release|Win32
		{9303EDF9-A849-4459-A263-37F68B5104D6}.Release.Build.0 = Release|Win32
		{9303EDF9-A849-4459-A263-37F68B5104D6}.Release7.ActiveCfg = Release7|Win32
		{9303EDF9-A849-4459-A263-37F68B5104D6}.Release7.Build.0 = Release7|Win32
	EndGlobalSection
	GlobalSection(ExtensibilityGlobals) = postSolution
	EndGlobalSection
	GlobalSection(ExtensibilityAddIns) = postSolution
	EndGlobalSection
EndGlobal
